github.com/jcfrperu/go-competitive-programming v1.4.2 h1:qN7t2fYVIIoWOE7hJp8EmQwnfBQx+YnAjCTN0Kx35zU=
github.com/jcfrperu/go-competitive-programming v1.4.2/go.mod h1:LdFn+0iw+kBGyfszwWxvs/CmSZUIn+lvvA8Q76eNiFg=
github.com/jcfrperu/go-competitive-programming v1.4.3 h1:o+vdtgL0luKhsahWYXgEBUyJaXSBByo/as7eS2p7nNI=
github.com/jcfrperu/go-competitive-programming v1.4.3/go.mod h1:LdFn+0iw+kBGyfszwWxvs/CmSZUIn+lvvA8Q76eNiFg=
