github.com/jcfrperu/go-competitive-programming v1.4.2 h1:qN7t2fYVIIoWOE7hJp8EmQwnfBQx+YnAjCTN0Kx35zU=
github.com/jcfrperu/go-competitive-programming v1.4.2/go.mod h1:LdFn+0iw+kBGyfszwWxvs/CmSZUIn+lvvA8Q76eNiFg=
github.com/jcfrperu/go-competitive-programming v1.4.3 h1:o+vdtgL0luKhsahWYXgEBUyJaXSBByo/as7eS2p7nNI=
github.com/jcfrperu/go-competitive-programming v1.4.3/go.mod h1:LdFn+0iw+kBGyfszwWxvs/CmSZUIn+lvvA8Q76eNiFg=
github.com/jcfrperu/go-competitive-programming v1.4.4 h1:X0sMZ6oKxSQR6H3wT4ZvmH6NOnVojy5XDlI71MTgUWI=
github.com/jcfrperu/go-competitive-programming v1.4.4/go.mod h1:LdFn+0iw+kBGyfszwWxvs/CmSZUIn+lvvA8Q76eNiFg=
github.com/jcfrperu/go-competitive-programming v1.4.5 h1:c1yPigGv6afk5NtuQAFj9y5LmmZEBi6IgMaQsOTRSqw=
github.com/jcfrperu/go-competitive-programming v1.4.5/go.mod h1:LdFn+0iw+kBGyfszwWxvs/CmSZUIn+lvvA8Q76eNiFg=
github.com/jcfrperu/go-competitive-programming v1.4.6 h1:jdCmyi6Cg2pWROImcmwZJPZmLipmlJbbjG1prZ2v6BI=
github.com/jcfrperu/go-competitive-programming v1.4.6/go.mod h1:LdFn+0iw+kBGyfszwWxvs/CmSZUIn+lvvA8Q76eNiFg=
github.com/jcfrperu/go-competitive-programming v1.4.7 h1:JHaQUG8llbRKLt0AZ0nlRDomamsACgvReE2hT08RcJY=
github.com/jcfrperu/go-competitive-programming v1.4.7/go.mod h1:LdFn+0iw+kBGyfszwWxvs/CmSZUIn+lvvA8Q76eNiFg=
github.com/jcfrperu/go-competitive-programming v1.4.9 h1:Hf9kuWpnT7OKAYe2VRUuXBfAje4kHWKoQRvMDv8hD1s=
github.com/jcfrperu/go-competitive-programming v1.4.9/go.mod h1:LdFn+0iw+kBGyfszwWxvs/CmSZUIn+lvvA8Q76eNiFg=
